
Microsoft Visual Studio Solution File, Format Version 12.00
# Visual Studio Version 16
VisualStudioVersion = 16.0.31702.278
MinimumVisualStudioVersion = 10.0.40219.1
Project("{2150E333-8FDC-42A3-9474-1A3956D46DE8}") = "Services", "Services", "{A82976CF-7931-4311-8680-2C7E6CCB0E96}"
EndProject
Project("{2150E333-8FDC-42A3-9474-1A3956D46DE8}") = "Catalog", "Catalog", "{F7B6170B-C774-47E5-BC09-F0E46C0F70B4}"
EndProject
Project("{9A19103F-16F7-4668-BE54-9A1E7A4F7556}") = "Catalog.API", "Services\Catalog\Catalog.API\Catalog.API.csproj", "{63FFDC4A-886E-4808-AD97-B761C3BF9AC4}"
EndProject
Project("{E53339B2-1760-4266-BCC7-CA923CBCF16C}") = "docker-compose", "docker-compose.dcproj", "{FE6367AE-9805-4075-B049-00B007B977CE}"
EndProject
Project("{2150E333-8FDC-42A3-9474-1A3956D46DE8}") = "Basket", "Basket", "{0731093C-D71F-4F32-AA43-A1C05E6B7B78}"
EndProject
Project("{FAE04EC0-301F-11D3-BF4B-00C04F79EFBC}") = "Basket.API", "Services\Basket\Basket.API\Basket.API.csproj", "{329A8940-62EF-49D1-8DFD-425B05F38854}"
EndProject
Global
	GlobalSection(SolutionConfigurationPlatforms) = preSolution
		Debug|Any CPU = Debug|Any CPU
		Release|Any CPU = Release|Any CPU
	EndGlobalSection
	GlobalSection(ProjectConfigurationPlatforms) = postSolution
		{63FFDC4A-886E-4808-AD97-B761C3BF9AC4}.Debug|Any CPU.ActiveCfg = Debug|Any CPU
		{63FFDC4A-886E-4808-AD97-B761C3BF9AC4}.Debug|Any CPU.Build.0 = Debug|Any CPU
		{63FFDC4A-886E-4808-AD97-B761C3BF9AC4}.Release|Any CPU.ActiveCfg = Release|Any CPU
		{63FFDC4A-886E-4808-AD97-B761C3BF9AC4}.Release|Any CPU.Build.0 = Release|Any CPU
		{FE6367AE-9805-4075-B049-00B007B977CE}.Debug|Any CPU.ActiveCfg = Debug|Any CPU
		{FE6367AE-9805-4075-B049-00B007B977CE}.Debug|Any CPU.Build.0 = Debug|Any CPU
		{FE6367AE-9805-4075-B049-00B007B977CE}.Release|Any CPU.ActiveCfg = Release|Any CPU
		{FE6367AE-9805-4075-B049-00B007B977CE}.Release|Any CPU.Build.0 = Release|Any CPU
		{329A8940-62EF-49D1-8DFD-425B05F38854}.Debug|Any CPU.ActiveCfg = Debug|Any CPU
		{329A8940-62EF-49D1-8DFD-425B05F38854}.Debug|Any CPU.Build.0 = Debug|Any CPU
		{329A8940-62EF-49D1-8DFD-425B05F38854}.Release|Any CPU.ActiveCfg = Release|Any CPU
		{329A8940-62EF-49D1-8DFD-425B05F38854}.Release|Any CPU.Build.0 = Release|Any CPU
	EndGlobalSection
	GlobalSection(SolutionProperties) = preSolution
		HideSolutionNode = FALSE
	EndGlobalSection
	GlobalSection(NestedProjects) = preSolution
		{F7B6170B-C774-47E5-BC09-F0E46C0F70B4} = {A82976CF-7931-4311-8680-2C7E6CCB0E96}
		{63FFDC4A-886E-4808-AD97-B761C3BF9AC4} = {F7B6170B-C774-47E5-BC09-F0E46C0F70B4}
		{0731093C-D71F-4F32-AA43-A1C05E6B7B78} = {A82976CF-7931-4311-8680-2C7E6CCB0E96}
		{329A8940-62EF-49D1-8DFD-425B05F38854} = {0731093C-D71F-4F32-AA43-A1C05E6B7B78}
	EndGlobalSection
	GlobalSection(ExtensibilityGlobals) = postSolution
		SolutionGuid = {A15383AF-01F3-497A-A470-AC8CDC41AAA2}
	EndGlobalSection
EndGlobal
